// !$*UTF8*$!
{
	archiveVersion = 1;
	classes = {
	};
	objectVersion = 50;
	objects = {

/* Begin PBXBuildFile section */
		6243539220AEE09C00FFD47A /* AppDelegate.swift in Sources */ = {isa = PBXBuildFile; fileRef = 6243539120AEE09C00FFD47A /* AppDelegate.swift */; };
		6243539420AEE09C00FFD47A /* ViewController.swift in Sources */ = {isa = PBXBuildFile; fileRef = 6243539320AEE09C00FFD47A /* ViewController.swift */; };
		6243539720AEE09C00FFD47A /* Main.storyboard in Resources */ = {isa = PBXBuildFile; fileRef = 6243539520AEE09C00FFD47A /* Main.storyboard */; };
		6243539A20AEE09C00FFD47A /* AnotherWeatherApp.xcdatamodeld in Sources */ = {isa = PBXBuildFile; fileRef = 6243539820AEE09C00FFD47A /* AnotherWeatherApp.xcdatamodeld */; };
		6243539C20AEE09E00FFD47A /* Assets.xcassets in Resources */ = {isa = PBXBuildFile; fileRef = 6243539B20AEE09E00FFD47A /* Assets.xcassets */; };
		6243539F20AEE09E00FFD47A /* LaunchScreen.storyboard in Resources */ = {isa = PBXBuildFile; fileRef = 6243539D20AEE09E00FFD47A /* LaunchScreen.storyboard */; };
/* End PBXBuildFile section */

/* Begin PBXFileReference section */
		6243538E20AEE09C00FFD47A /* AnotherWeatherApp.app */ = {isa = PBXFileReference; explicitFileType = wrapper.application; includeInIndex = 0; path = AnotherWeatherApp.app; sourceTree = BUILT_PRODUCTS_DIR; };
		6243539120AEE09C00FFD47A /* AppDelegate.swift */ = {isa = PBXFileReference; lastKnownFileType = sourcecode.swift; path = AppDelegate.swift; sourceTree = "<group>"; };
		6243539320AEE09C00FFD47A /* ViewController.swift */ = {isa = PBXFileReference; lastKnownFileType = sourcecode.swift; path = ViewController.swift; sourceTree = "<group>"; };
		6243539620AEE09C00FFD47A /* Base */ = {isa = PBXFileReference; lastKnownFileType = file.storyboard; name = Base; path = Base.lproj/Main.storyboard; sourceTree = "<group>"; };
		6243539920AEE09C00FFD47A /* AnotherWeatherApp.xcdatamodel */ = {isa = PBXFileReference; lastKnownFileType = wrapper.xcdatamodel; path = AnotherWeatherApp.xcdatamodel; sourceTree = "<group>"; };
		6243539B20AEE09E00FFD47A /* Assets.xcassets */ = {isa = PBXFileReference; lastKnownFileType = folder.assetcatalog; path = Assets.xcassets; sourceTree = "<group>"; };
		6243539E20AEE09E00FFD47A /* Base */ = {isa = PBXFileReference; lastKnownFileType = file.storyboard; name = Base; path = Base.lproj/LaunchScreen.storyboard; sourceTree = "<group>"; };
		624353A020AEE09E00FFD47A /* Info.plist */ = {isa = PBXFileReference; lastKnownFileType = text.plist.xml; path = Info.plist; sourceTree = "<group>"; };
/* End PBXFileReference section */

/* Begin PBXFrameworksBuildPhase section */
		6243538B20AEE09C00FFD47A /* Frameworks */ = {
			isa = PBXFrameworksBuildPhase;
			buildActionMask = 2147483647;
			files = (
			);
			runOnlyForDeploymentPostprocessing = 0;
		};
/* End PBXFrameworksBuildPhase section */

/* Begin PBXGroup section */
		6243538520AEE09C00FFD47A = {
			isa = PBXGroup;
			children = (
				6243539020AEE09C00FFD47A /* AnotherWeatherApp */,
				6243538F20AEE09C00FFD47A /* Products */,
			);
			sourceTree = "<group>";
		};
		6243538F20AEE09C00FFD47A /* Products */ = {
			isa = PBXGroup;
			children = (
				6243538E20AEE09C00FFD47A /* AnotherWeatherApp.app */,
			);
			name = Products;
			sourceTree = "<group>";
		};
		6243539020AEE09C00FFD47A /* AnotherWeatherApp */ = {
			isa = PBXGroup;
			children = (
				6243539120AEE09C00FFD47A /* AppDelegate.swift */,
				6243539320AEE09C00FFD47A /* ViewController.swift */,
				6243539520AEE09C00FFD47A /* Main.storyboard */,
				6243539B20AEE09E00FFD47A /* Assets.xcassets */,
				6243539D20AEE09E00FFD47A /* LaunchScreen.storyboard */,
				624353A020AEE09E00FFD47A /* Info.plist */,
				6243539820AEE09C00FFD47A /* AnotherWeatherApp.xcdatamodeld */,
			);
			path = AnotherWeatherApp;
			sourceTree = "<group>";
		};
/* End PBXGroup section */

/* Begin PBXNativeTarget section */
		6243538D20AEE09C00FFD47A /* AnotherWeatherApp */ = {
			isa = PBXNativeTarget;
			buildConfigurationList = 624353A320AEE09E00FFD47A /* Build configuration list for PBXNativeTarget "AnotherWeatherApp" */;
			buildPhases = (
				6243538A20AEE09C00FFD47A /* Sources */,
				6243538B20AEE09C00FFD47A /* Frameworks */,
				6243538C20AEE09C00FFD47A /* Resources */,
			);
			buildRules = (
			);
			dependencies = (
			);
			name = AnotherWeatherApp;
			productName = AnotherWeatherApp;
			productReference = 6243538E20AEE09C00FFD47A /* AnotherWeatherApp.app */;
			productType = "com.apple.product-type.application";
		};
/* End PBXNativeTarget section */

/* Begin PBXProject section */
		6243538620AEE09C00FFD47A /* Project object */ = {
			isa = PBXProject;
			attributes = {
				LastSwiftUpdateCheck = 0930;
				LastUpgradeCheck = 0930;
				ORGANIZATIONNAME = "João Carreira";
				TargetAttributes = {
					6243538D20AEE09C00FFD47A = {
						CreatedOnToolsVersion = 9.3.1;
					};
				};
			};
			buildConfigurationList = 6243538920AEE09C00FFD47A /* Build configuration list for PBXProject "AnotherWeatherApp" */;
			compatibilityVersion = "Xcode 9.3";
			developmentRegion = en;
			hasScannedForEncodings = 0;
			knownRegions = (
				en,
				Base,
			);
			mainGroup = 6243538520AEE09C00FFD47A;
			productRefGroup = 6243538F20AEE09C00FFD47A /* Products */;
			projectDirPath = "";
			projectRoot = "";
			targets = (
				6243538D20AEE09C00FFD47A /* AnotherWeatherApp */,
			);
		};
/* End PBXProject section */

/* Begin PBXResourcesBuildPhase section */
		6243538C20AEE09C00FFD47A /* Resources */ = {
			isa = PBXResourcesBuildPhase;
			buildActionMask = 2147483647;
			files = (
				6243539F20AEE09E00FFD47A /* LaunchScreen.storyboard in Resources */,
				6243539C20AEE09E00FFD47A /* Assets.xcassets in Resources */,
				6243539720AEE09C00FFD47A /* Main.storyboard in Resources */,
			);
			runOnlyForDeploymentPostprocessing = 0;
		};
/* End PBXResourcesBuildPhase section */

/* Begin PBXSourcesBuildPhase section */
		6243538A20AEE09C00FFD47A /* Sources */ = {
			isa = PBXSourcesBuildPhase;
			buildActionMask = 2147483647;
			files = (
				6243539420AEE09C00FFD47A /* ViewController.swift in Sources */,
				6243539220AEE09C00FFD47A /* AppDelegate.swift in Sources */,
				6243539A20AEE09C00FFD47A /* AnotherWeatherApp.xcdatamodeld in Sources */,
			);
			runOnlyForDeploymentPostprocessing = 0;
		};
/* End PBXSourcesBuildPhase section */

/* Begin PBXVariantGroup section */
		6243539520AEE09C00FFD47A /* Main.storyboard */ = {
			isa = PBXVariantGroup;
			children = (
				6243539620AEE09C00FFD47A /* Base */,
			);
			name = Main.storyboard;
			sourceTree = "<group>";
		};
		6243539D20AEE09E00FFD47A /* LaunchScreen.storyboard */ = {
			isa = PBXVariantGroup;
			children = (
				6243539E20AEE09E00FFD47A /* Base */,
			);
			name = LaunchScreen.storyboard;
			sourceTree = "<group>";
		};
/* End PBXVariantGroup section */

/* Begin XCBuildConfiguration section */
		624353A120AEE09E00FFD47A /* Debug */ = {
			isa = XCBuildConfiguration;
			buildSettings = {
				ALWAYS_SEARCH_USER_PATHS = NO;
				CLANG_ANALYZER_NONNULL = YES;
				CLANG_ANALYZER_NUMBER_OBJECT_CONVERSION = YES_AGGRESSIVE;
				CLANG_CXX_LANGUAGE_STANDARD = "gnu++14";
				CLANG_CXX_LIBRARY = "libc++";
				CLANG_ENABLE_MODULES = YES;
				CLANG_ENABLE_OBJC_ARC = YES;
				CLANG_ENABLE_OBJC_WEAK = YES;
				CLANG_WARN_BLOCK_CAPTURE_AUTORELEASING = YES;
				CLANG_WARN_BOOL_CONVERSION = YES;
				CLANG_WARN_COMMA = YES;
				CLANG_WARN_CONSTANT_CONVERSION = YES;
				CLANG_WARN_DEPRECATED_OBJC_IMPLEMENTATIONS = YES;
				CLANG_WARN_DIRECT_OBJC_ISA_USAGE = YES_ERROR;
				CLANG_WARN_DOCUMENTATION_COMMENTS = YES;
				CLANG_WARN_EMPTY_BODY = YES;
				CLANG_WARN_ENUM_CONVERSION = YES;
				CLANG_WARN_INFINITE_RECURSION = YES;
				CLANG_WARN_INT_CONVERSION = YES;
				CLANG_WARN_NON_LITERAL_NULL_CONVERSION = YES;
				CLANG_WARN_OBJC_IMPLICIT_RETAIN_SELF = YES;
				CLANG_WARN_OBJC_LITERAL_CONVERSION = YES;
				CLANG_WARN_OBJC_ROOT_CLASS = YES_ERROR;
				CLANG_WARN_RANGE_LOOP_ANALYSIS = YES;
				CLANG_WARN_STRICT_PROTOTYPES = YES;
				CLANG_WARN_SUSPICIOUS_MOVE = YES;
				CLANG_WARN_UNGUARDED_AVAILABILITY = YES_AGGRESSIVE;
				CLANG_WARN_UNREACHABLE_CODE = YES;
				CLANG_WARN__DUPLICATE_METHOD_MATCH = YES;
				CODE_SIGN_IDENTITY = "iPhone Developer";
				COPY_PHASE_STRIP = NO;
				DEBUG_INFORMATION_FORMAT = dwarf;
				ENABLE_STRICT_OBJC_MSGSEND = YES;
				ENABLE_TESTABILITY = YES;
				GCC_C_LANGUAGE_STANDARD = gnu11;
				GCC_DYNAMIC_NO_PIC = NO;
				GCC_NO_COMMON_BLOCKS = YES;
				GCC_OPTIMIZATION_LEVEL = 0;
				GCC_PREPROCESSOR_DEFINITIONS = (
					"DEBUG=1",
					"$(inherited)",
				);
				GCC_WARN_64_TO_32_BIT_CONVERSION = YES;
				GCC_WARN_ABOUT_RETURN_TYPE = YES_ERROR;
				GCC_WARN_UNDECLARED_SELECTOR = YES;
				GCC_WARN_UNINITIALIZED_AUTOS = YES_AGGRESSIVE;
				GCC_WARN_UNUSED_FUNCTION = YES;
				GCC_WARN_UNUSED_VARIABLE = YES;
				IPHONEOS_DEPLOYMENT_TARGET = 11.3;
				MTL_ENABLE_DEBUG_INFO = YES;
				ONLY_ACTIVE_ARCH = YES;
				SDKROOT = iphoneos;
				SWIFT_ACTIVE_COMPILATION_CONDITIONS = DEBUG;
				SWIFT_OPTIMIZATION_LEVEL = "-Onone";
			};
			name = Debug;
		};
		624353A220AEE09E00FFD47A /* Release */ = {
			isa = XCBuildConfiguration;
			buildSettings = {
				ALWAYS_SEARCH_USER_PATHS = NO;
				CLANG_ANALYZER_NONNULL = YES;
				CLANG_ANALYZER_NUMBER_OBJECT_CONVERSION = YES_AGGRESSIVE;
				CLANG_CXX_LANGUAGE_STANDARD = "gnu++14";
				CLANG_CXX_LIBRARY = "libc++";
				CLANG_ENABLE_MODULES = YES;
				CLANG_ENABLE_OBJC_ARC = YES;
				CLANG_ENABLE_OBJC_WEAK = YES;
				CLANG_WARN_BLOCK_CAPTURE_AUTORELEASING = YES;
				CLANG_WARN_BOOL_CONVERSION = YES;
				CLANG_WARN_COMMA = YES;
				CLANG_WARN_CONSTANT_CONVERSION = YES;
				CLANG_WARN_DEPRECATED_OBJC_IMPLEMENTATIONS = YES;
				CLANG_WARN_DIRECT_OBJC_ISA_USAGE = YES_ERROR;
				CLANG_WARN_DOCUMENTATION_COMMENTS = YES;
				CLANG_WARN_EMPTY_BODY = YES;
				CLANG_WARN_ENUM_CONVERSION = YES;
				CLANG_WARN_INFINITE_RECURSION = YES;
				CLANG_WARN_INT_CONVERSION = YES;
				CLANG_WARN_NON_LITERAL_NULL_CONVERSION = YES;
				CLANG_WARN_OBJC_IMPLICIT_RETAIN_SELF = YES;
				CLANG_WARN_OBJC_LITERAL_CONVERSION = YES;
				CLANG_WARN_OBJC_ROOT_CLASS = YES_ERROR;
				CLANG_WARN_RANGE_LOOP_ANALYSIS = YES;
				CLANG_WARN_STRICT_PROTOTYPES = YES;
				CLANG_WARN_SUSPICIOUS_MOVE = YES;
				CLANG_WARN_UNGUARDED_AVAILABILITY = YES_AGGRESSIVE;
				CLANG_WARN_UNREACHABLE_CODE = YES;
				CLANG_WARN__DUPLICATE_METHOD_MATCH = YES;
				CODE_SIGN_IDENTITY = "iPhone Developer";
				COPY_PHASE_STRIP = NO;
				DEBUG_INFORMATION_FORMAT = "dwarf-with-dsym";
				ENABLE_NS_ASSERTIONS = NO;
				ENABLE_STRICT_OBJC_MSGSEND = YES;
				GCC_C_LANGUAGE_STANDARD = gnu11;
				GCC_NO_COMMON_BLOCKS = YES;
				GCC_WARN_64_TO_32_BIT_CONVERSION = YES;
				GCC_WARN_ABOUT_RETURN_TYPE = YES_ERROR;
				GCC_WARN_UNDECLARED_SELECTOR = YES;
				GCC_WARN_UNINITIALIZED_AUTOS = YES_AGGRESSIVE;
				GCC_WARN_UNUSED_FUNCTION = YES;
				GCC_WARN_UNUSED_VARIABLE = YES;
				IPHONEOS_DEPLOYMENT_TARGET = 11.3;
				MTL_ENABLE_DEBUG_INFO = NO;
				SDKROOT = iphoneos;
				SWIFT_COMPILATION_MODE = wholemodule;
				SWIFT_OPTIMIZATION_LEVEL = "-O";
				VALIDATE_PRODUCT = YES;
			};
			name = Release;
		};
		624353A420AEE09E00FFD47A /* Debug */ = {
			isa = XCBuildConfiguration;
			buildSettings = {
				ASSETCATALOG_COMPILER_APPICON_NAME = AppIcon;
				CODE_SIGN_STYLE = Automatic;
				INFOPLIST_FILE = AnotherWeatherApp/Info.plist;
				LD_RUNPATH_SEARCH_PATHS = (
					"$(inherited)",
					"@executable_path/Frameworks",
				);
				PRODUCT_BUNDLE_IDENTIFIER = com.jpcarreira.AnotherWeatherApp;
				PRODUCT_NAME = "$(TARGET_NAME)";
				SWIFT_VERSION = 4.0;
				TARGETED_DEVICE_FAMILY = "1,2";
			};
			name = Debug;
		};
		624353A520AEE09E00FFD47A /* Release */ = {
			isa = XCBuildConfiguration;
			buildSettings = {
				ASSETCATALOG_COMPILER_APPICON_NAME = AppIcon;
				CODE_SIGN_STYLE = Automatic;
				INFOPLIST_FILE = AnotherWeatherApp/Info.plist;
				LD_RUNPATH_SEARCH_PATHS = (
					"$(inherited)",
					"@executable_path/Frameworks",
				);
				PRODUCT_BUNDLE_IDENTIFIER = com.jpcarreira.AnotherWeatherApp;
				PRODUCT_NAME = "$(TARGET_NAME)";
				SWIFT_VERSION = 4.0;
				TARGETED_DEVICE_FAMILY = "1,2";
			};
			name = Release;
		};
/* End XCBuildConfiguration section */

/* Begin XCConfigurationList section */
		6243538920AEE09C00FFD47A /* Build configuration list for PBXProject "AnotherWeatherApp" */ = {
			isa = XCConfigurationList;
			buildConfigurations = (
				624353A120AEE09E00FFD47A /* Debug */,
				624353A220AEE09E00FFD47A /* Release */,
			);
			defaultConfigurationIsVisible = 0;
			defaultConfigurationName = Release;
		};
		624353A320AEE09E00FFD47A /* Build configuration list for PBXNativeTarget "AnotherWeatherApp" */ = {
			isa = XCConfigurationList;
			buildConfigurations = (
				624353A420AEE09E00FFD47A /* Debug */,
				624353A520AEE09E00FFD47A /* Release */,
			);
			defaultConfigurationIsVisible = 0;
			defaultConfigurationName = Release;
		};
/* End XCConfigurationList section */

/* Begin XCVersionGroup section */
		6243539820AEE09C00FFD47A /* AnotherWeatherApp.xcdatamodeld */ = {
			isa = XCVersionGroup;
			children = (
				6243539920AEE09C00FFD47A /* AnotherWeatherApp.xcdatamodel */,
			);
			currentVersion = 6243539920AEE09C00FFD47A /* AnotherWeatherApp.xcdatamodel */;
			path = AnotherWeatherApp.xcdatamodeld;
			sourceTree = "<group>";
			versionGroupType = wrapper.xcdatamodel;
		};
/* End XCVersionGroup section */
	};
	rootObject = 6243538620AEE09C00FFD47A /* Project object */;
}
